dependencies:
- name: postgresql
  repository: https://charts.bitnami.com/bitnami
  version: 15.5.16
- name: redis
  repository: https://charts.bitnami.com/bitnami
  version: 19.5.5
- name: kafka
  repository: https://charts.bitnami.com/bitnami
  version: 29.3.4
- name: minio
  repository: https://charts.bitnami.com/bitnami
  version: 14.6.5
- name: mosquitto
  repository: file://./charts/mosquitto
  version: 0.1.0
- name: api
  repository: file://./charts/api
  version: 0.1.0
- name: worker-standard
  repository: file://./charts/worker-standard
  version: 0.1.0
- name: worker-realtime
  repository: file://./charts/worker-realtime
  version: 0.1.0
- name: worker-bulk
  repository: file://./charts/worker-bulk
  version: 0.1.0
- name: retry-router
  repository: file://./charts/retry-router
  version: 0.1.0
- name: reaper
  repository: file://./charts/reaper
  version: 0.1.0
- name: ingestion
  repository: file://./charts/ingestion
  version: 0.1.0
- name: mock-device
  repository: file://./charts/mock-device
  version: 0.1.0
- name: mock-webhook
  repository: file://./charts/mock-webhook
  version: 0.1.0
digest: sha256:f546ae42f0655540686e498dbf4a9352eb1fb328fb5a6fa2f81558850a1c7bd2
generated: "2026-05-11T15:15:18.162739-04:00"
