dependencies:
- name: postgresql
  repository: https://charts.bitnami.com/bitnami
  version: 15.5.16
- name: redis
  repository: https://charts.bitnami.com/bitnami
  version: 19.5.5
- name: kafka
  repository: https://charts.bitnami.com/bitnami
  version: 29.3.4
- name: minio
  repository: https://charts.bitnami.com/bitnami
  version: 14.6.5
- name: mosquitto
  repository: file://./charts/mosquitto
  version: 0.1.0
- name: api
  repository: file://./charts/api
  version: 0.1.0
- name: worker-standard
  repository: file://./charts/worker-standard
  version: 0.1.0
- name: worker-realtime
  repository: file://./charts/worker-realtime
  version: 0.1.0
- name: worker-bulk
  repository: file://./charts/worker-bulk
  version: 0.1.0
- name: retry-router
  repository: file://./charts/retry-router
  version: 0.1.0
- name: reaper
  repository: file://./charts/reaper
  version: 0.1.0
- name: ingestion
  repository: file://./charts/ingestion
  version: 0.1.0
- name: mock-device
  repository: file://./charts/mock-device
  version: 0.1.0
- name: mock-webhook
  repository: file://./charts/mock-webhook
  version: 0.1.0
- name: kube-prometheus-stack
  repository: https://prometheus-community.github.io/helm-charts
  version: 58.2.1
- name: loki-stack
  repository: https://grafana.github.io/helm-charts
  version: 2.10.2
- name: tempo
  repository: https://grafana.github.io/helm-charts
  version: 1.10.1
- name: kafka-lag-exporter
  repository: file://./charts/kafka-lag-exporter
  version: 0.1.0
- name: prometheus-adapter
  repository: https://prometheus-community.github.io/helm-charts
  version: 5.3.0
- name: devsim
  repository: file://./charts/devsim
  version: 0.1.0
digest: sha256:03809d1d6451e663d47ffa51ab47fd4955e8624a2044ebb04b816058e6d4f24b
generated: "2026-05-18T16:24:39.948818-04:00"
